
Microsoft Visual Studio Solution File, Format Version 12.00
# Visual Studio Version 17
VisualStudioVersion = 17.10.35013.160
MinimumVisualStudioVersion = 10.0.40219.1
Project("{9A19103F-16F7-4668-BE54-9A1E7A4F7556}") = "FFLSharp.Interop", "FFLSharp.Interop\FFLSharp.Interop.csproj", "{F1318A4E-F7AF-4950-ABE6-B0D44886B491}"
EndProject
Project("{9A19103F-16F7-4668-BE54-9A1E7A4F7556}") = "FFLSharp.BasicTest", "FFLSharp.BasicTest\FFLSharp.BasicTest.csproj", "{147E0129-023F-4F27-B102-AB07963491A4}"
EndProject
Project("{9A19103F-16F7-4668-BE54-9A1E7A4F7556}") = "Veldrid", "..\veldrid\src\Veldrid\Veldrid.csproj", "{80766E9D-A9B1-4D5A-AE7B-5E50FB59425E}"
EndProject
Project("{9A19103F-16F7-4668-BE54-9A1E7A4F7556}") = "FFLSharp.Veldrid", "FFLSharp.Veldrid\FFLSharp.Veldrid.csproj", "{92907489-929C-49E7-886D-4E950F018AB3}"
EndProject
Project("{9A19103F-16F7-4668-BE54-9A1E7A4F7556}") = "FFLSharp.TextureTest", "FFLSharp.TextureTest\FFLSharp.TextureTest.csproj", "{D661DA72-5F25-456E-9207-5A3782834BCC}"
EndProject
Project("{9A19103F-16F7-4668-BE54-9A1E7A4F7556}") = "FFLSharp.ShaderTextureTest", "FFLSharp.ShaderTextureTest\FFLSharp.ShaderTextureTest.csproj", "{2DBE0A8B-16E1-44CD-A3F5-0783328B075D}"
EndProject
Project("{2150E333-8FDC-42A3-9474-1A3956D46DE8}") = "FFLSharp.BasicTests", "FFLSharp.BasicTests", "{9BF303D7-D44F-4D49-8DFA-9E0BB825D042}"
EndProject
Project("{9A19103F-16F7-4668-BE54-9A1E7A4F7556}") = "FFLSharp.VeldridBasicShaderSample", "FFLSharp.VeldridBasicShaderSample\FFLSharp.VeldridBasicShaderSample.csproj", "{D6394CCE-25AD-4B0D-8070-E244A0A877AB}"
EndProject
Global
	GlobalSection(SolutionConfigurationPlatforms) = preSolution
		Debug|Any CPU = Debug|Any CPU
		Release|Any CPU = Release|Any CPU
	EndGlobalSection
	GlobalSection(ProjectConfigurationPlatforms) = postSolution
		{F1318A4E-F7AF-4950-ABE6-B0D44886B491}.Debug|Any CPU.ActiveCfg = Debug|Any CPU
		{F1318A4E-F7AF-4950-ABE6-B0D44886B491}.Debug|Any CPU.Build.0 = Debug|Any CPU
		{F1318A4E-F7AF-4950-ABE6-B0D44886B491}.Release|Any CPU.ActiveCfg = Release|Any CPU
		{F1318A4E-F7AF-4950-ABE6-B0D44886B491}.Release|Any CPU.Build.0 = Release|Any CPU
		{147E0129-023F-4F27-B102-AB07963491A4}.Debug|Any CPU.ActiveCfg = Debug|Any CPU
		{147E0129-023F-4F27-B102-AB07963491A4}.Debug|Any CPU.Build.0 = Debug|Any CPU
		{147E0129-023F-4F27-B102-AB07963491A4}.Release|Any CPU.ActiveCfg = Release|Any CPU
		{147E0129-023F-4F27-B102-AB07963491A4}.Release|Any CPU.Build.0 = Release|Any CPU
		{80766E9D-A9B1-4D5A-AE7B-5E50FB59425E}.Debug|Any CPU.ActiveCfg = Debug|Any CPU
		{80766E9D-A9B1-4D5A-AE7B-5E50FB59425E}.Debug|Any CPU.Build.0 = Debug|Any CPU
		{80766E9D-A9B1-4D5A-AE7B-5E50FB59425E}.Release|Any CPU.ActiveCfg = Release|Any CPU
		{80766E9D-A9B1-4D5A-AE7B-5E50FB59425E}.Release|Any CPU.Build.0 = Release|Any CPU
		{92907489-929C-49E7-886D-4E950F018AB3}.Debug|Any CPU.ActiveCfg = Debug|Any CPU
		{92907489-929C-49E7-886D-4E950F018AB3}.Debug|Any CPU.Build.0 = Debug|Any CPU
		{92907489-929C-49E7-886D-4E950F018AB3}.Release|Any CPU.ActiveCfg = Release|Any CPU
		{92907489-929C-49E7-886D-4E950F018AB3}.Release|Any CPU.Build.0 = Release|Any CPU
		{D661DA72-5F25-456E-9207-5A3782834BCC}.Debug|Any CPU.ActiveCfg = Debug|Any CPU
		{D661DA72-5F25-456E-9207-5A3782834BCC}.Debug|Any CPU.Build.0 = Debug|Any CPU
		{D661DA72-5F25-456E-9207-5A3782834BCC}.Release|Any CPU.ActiveCfg = Release|Any CPU
		{D661DA72-5F25-456E-9207-5A3782834BCC}.Release|Any CPU.Build.0 = Release|Any CPU
		{2DBE0A8B-16E1-44CD-A3F5-0783328B075D}.Debug|Any CPU.ActiveCfg = Debug|Any CPU
		{2DBE0A8B-16E1-44CD-A3F5-0783328B075D}.Debug|Any CPU.Build.0 = Debug|Any CPU
		{2DBE0A8B-16E1-44CD-A3F5-0783328B075D}.Release|Any CPU.ActiveCfg = Release|Any CPU
		{2DBE0A8B-16E1-44CD-A3F5-0783328B075D}.Release|Any CPU.Build.0 = Release|Any CPU
		{D6394CCE-25AD-4B0D-8070-E244A0A877AB}.Debug|Any CPU.ActiveCfg = Debug|Any CPU
		{D6394CCE-25AD-4B0D-8070-E244A0A877AB}.Debug|Any CPU.Build.0 = Debug|Any CPU
		{D6394CCE-25AD-4B0D-8070-E244A0A877AB}.Release|Any CPU.ActiveCfg = Release|Any CPU
		{D6394CCE-25AD-4B0D-8070-E244A0A877AB}.Release|Any CPU.Build.0 = Release|Any CPU
	EndGlobalSection
	GlobalSection(SolutionProperties) = preSolution
		HideSolutionNode = FALSE
	EndGlobalSection
	GlobalSection(NestedProjects) = preSolution
		{147E0129-023F-4F27-B102-AB07963491A4} = {9BF303D7-D44F-4D49-8DFA-9E0BB825D042}
		{D661DA72-5F25-456E-9207-5A3782834BCC} = {9BF303D7-D44F-4D49-8DFA-9E0BB825D042}
		{2DBE0A8B-16E1-44CD-A3F5-0783328B075D} = {9BF303D7-D44F-4D49-8DFA-9E0BB825D042}
	EndGlobalSection
	GlobalSection(ExtensibilityGlobals) = postSolution
		SolutionGuid = {C5D8397F-4BB2-46F8-8F7E-AE971717A5AF}
	EndGlobalSection
EndGlobal
