
Microsoft Visual Studio Solution File, Format Version 12.00
# Visual Studio Version 17
VisualStudioVersion = 17.10.35013.160
MinimumVisualStudioVersion = 10.0.40219.1
Project("{9A19103F-16F7-4668-BE54-9A1E7A4F7556}") = "FFLSharp.Interop", "FFLSharp.Interop\FFLSharp.Interop.csproj", "{F1318A4E-F7AF-4950-ABE6-B0D44886B491}"
EndProject
Project("{2150E333-8FDC-42A3-9474-1A3956D46DE8}") = "FFLSharp.BasicTests", "FFLSharp.BasicTests", "{9BF303D7-D44F-4D49-8DFA-9E0BB825D042}"
EndProject
Project("{9A19103F-16F7-4668-BE54-9A1E7A4F7556}") = "FFLSharp.VeldridBasicShaderSample", "FFLSharp.VeldridBasicShaderSample\FFLSharp.VeldridBasicShaderSample.csproj", "{D6394CCE-25AD-4B0D-8070-E244A0A877AB}"
EndProject
Project("{9A19103F-16F7-4668-BE54-9A1E7A4F7556}") = "FFLSharp.BasicTest", "FFLSharp.BasicTests\FFLSharp.BasicTest\FFLSharp.BasicTest.csproj", "{061EB64F-3FD9-4A3A-8825-A7F86EF341D1}"
EndProject
Project("{9A19103F-16F7-4668-BE54-9A1E7A4F7556}") = "FFLSharp.TextureTest", "FFLSharp.BasicTests\FFLSharp.TextureTest\FFLSharp.TextureTest.csproj", "{F6F25410-A59F-4DBA-88FD-D2AADE7320B3}"
EndProject
Project("{9A19103F-16F7-4668-BE54-9A1E7A4F7556}") = "FFLSharp.ShaderTextureTest", "FFLSharp.BasicTests\FFLSharp.ShaderTextureTest\FFLSharp.ShaderTextureTest.csproj", "{5F764A5C-CD78-4609-AE22-627464569030}"
EndProject
Project("{9A19103F-16F7-4668-BE54-9A1E7A4F7556}") = "FFLSharp.FFLManager", "FFLSharp.FFLManager\FFLSharp.FFLManager.csproj", "{CA79CC0D-E0CC-40DC-A8A2-A70EFA93C6BE}"
EndProject
Project("{9A19103F-16F7-4668-BE54-9A1E7A4F7556}") = "FFLSharp.VeldridRenderer", "FFLSharp.VeldridRenderer\FFLSharp.VeldridRenderer.csproj", "{7497D9B2-1E0C-432E-8B62-C53940652C6C}"
EndProject
Global
	GlobalSection(SolutionConfigurationPlatforms) = preSolution
		Debug|Any CPU = Debug|Any CPU
		Release|Any CPU = Release|Any CPU
	EndGlobalSection
	GlobalSection(ProjectConfigurationPlatforms) = postSolution
		{F1318A4E-F7AF-4950-ABE6-B0D44886B491}.Debug|Any CPU.ActiveCfg = Debug|Any CPU
		{F1318A4E-F7AF-4950-ABE6-B0D44886B491}.Debug|Any CPU.Build.0 = Debug|Any CPU
		{F1318A4E-F7AF-4950-ABE6-B0D44886B491}.Release|Any CPU.ActiveCfg = Release|Any CPU
		{F1318A4E-F7AF-4950-ABE6-B0D44886B491}.Release|Any CPU.Build.0 = Release|Any CPU
		{D6394CCE-25AD-4B0D-8070-E244A0A877AB}.Debug|Any CPU.ActiveCfg = Debug|Any CPU
		{D6394CCE-25AD-4B0D-8070-E244A0A877AB}.Debug|Any CPU.Build.0 = Debug|Any CPU
		{D6394CCE-25AD-4B0D-8070-E244A0A877AB}.Release|Any CPU.ActiveCfg = Release|Any CPU
		{D6394CCE-25AD-4B0D-8070-E244A0A877AB}.Release|Any CPU.Build.0 = Release|Any CPU
		{061EB64F-3FD9-4A3A-8825-A7F86EF341D1}.Debug|Any CPU.ActiveCfg = Debug|Any CPU
		{061EB64F-3FD9-4A3A-8825-A7F86EF341D1}.Debug|Any CPU.Build.0 = Debug|Any CPU
		{061EB64F-3FD9-4A3A-8825-A7F86EF341D1}.Release|Any CPU.ActiveCfg = Release|Any CPU
		{061EB64F-3FD9-4A3A-8825-A7F86EF341D1}.Release|Any CPU.Build.0 = Release|Any CPU
		{F6F25410-A59F-4DBA-88FD-D2AADE7320B3}.Debug|Any CPU.ActiveCfg = Debug|Any CPU
		{F6F25410-A59F-4DBA-88FD-D2AADE7320B3}.Debug|Any CPU.Build.0 = Debug|Any CPU
		{F6F25410-A59F-4DBA-88FD-D2AADE7320B3}.Release|Any CPU.ActiveCfg = Release|Any CPU
		{F6F25410-A59F-4DBA-88FD-D2AADE7320B3}.Release|Any CPU.Build.0 = Release|Any CPU
		{5F764A5C-CD78-4609-AE22-627464569030}.Debug|Any CPU.ActiveCfg = Debug|Any CPU
		{5F764A5C-CD78-4609-AE22-627464569030}.Debug|Any CPU.Build.0 = Debug|Any CPU
		{5F764A5C-CD78-4609-AE22-627464569030}.Release|Any CPU.ActiveCfg = Release|Any CPU
		{5F764A5C-CD78-4609-AE22-627464569030}.Release|Any CPU.Build.0 = Release|Any CPU
		{CA79CC0D-E0CC-40DC-A8A2-A70EFA93C6BE}.Debug|Any CPU.ActiveCfg = Debug|Any CPU
		{CA79CC0D-E0CC-40DC-A8A2-A70EFA93C6BE}.Debug|Any CPU.Build.0 = Debug|Any CPU
		{CA79CC0D-E0CC-40DC-A8A2-A70EFA93C6BE}.Release|Any CPU.ActiveCfg = Release|Any CPU
		{CA79CC0D-E0CC-40DC-A8A2-A70EFA93C6BE}.Release|Any CPU.Build.0 = Release|Any CPU
		{7497D9B2-1E0C-432E-8B62-C53940652C6C}.Debug|Any CPU.ActiveCfg = Debug|Any CPU
		{7497D9B2-1E0C-432E-8B62-C53940652C6C}.Debug|Any CPU.Build.0 = Debug|Any CPU
		{7497D9B2-1E0C-432E-8B62-C53940652C6C}.Release|Any CPU.ActiveCfg = Release|Any CPU
		{7497D9B2-1E0C-432E-8B62-C53940652C6C}.Release|Any CPU.Build.0 = Release|Any CPU
	EndGlobalSection
	GlobalSection(SolutionProperties) = preSolution
		HideSolutionNode = FALSE
	EndGlobalSection
	GlobalSection(NestedProjects) = preSolution
		{061EB64F-3FD9-4A3A-8825-A7F86EF341D1} = {9BF303D7-D44F-4D49-8DFA-9E0BB825D042}
		{F6F25410-A59F-4DBA-88FD-D2AADE7320B3} = {9BF303D7-D44F-4D49-8DFA-9E0BB825D042}
		{5F764A5C-CD78-4609-AE22-627464569030} = {9BF303D7-D44F-4D49-8DFA-9E0BB825D042}
	EndGlobalSection
	GlobalSection(ExtensibilityGlobals) = postSolution
		SolutionGuid = {C5D8397F-4BB2-46F8-8F7E-AE971717A5AF}
	EndGlobalSection
EndGlobal
